// !$*UTF8*$!
{
	archiveVersion = 1;
	classes = {
	};
	objectVersion = 46;
	objects = {

/* Begin PBXBuildFile section */
		69420B981C12690A00A3C6ED /* ConsentDocument.swift in Sources */ = {isa = PBXBuildFile; fileRef = 69420B971C12690A00A3C6ED /* ConsentDocument.swift */; };
		69420BA51C1269DC00A3C6ED /* ResearchKit.framework in Frameworks */ = {isa = PBXBuildFile; fileRef = 69420BA21C1269CD00A3C6ED /* ResearchKit.framework */; };
		69420BA61C1269DC00A3C6ED /* ResearchKit.framework in Embed Frameworks */ = {isa = PBXBuildFile; fileRef = 69420BA21C1269CD00A3C6ED /* ResearchKit.framework */; settings = {ATTRIBUTES = (CodeSignOnCopy, RemoveHeadersOnCopy, ); }; };
		69420BAB1C126A2D00A3C6ED /* ConsentTask.swift in Sources */ = {isa = PBXBuildFile; fileRef = 69420BAA1C126A2D00A3C6ED /* ConsentTask.swift */; };
		69420BAD1C126A5600A3C6ED /* SurveyTask.swift in Sources */ = {isa = PBXBuildFile; fileRef = 69420BAC1C126A5600A3C6ED /* SurveyTask.swift */; };
		69420BAF1C126AB300A3C6ED /* RKViewController.swift in Sources */ = {isa = PBXBuildFile; fileRef = 69420BAE1C126AB300A3C6ED /* RKViewController.swift */; };
		69420BB21C1289DE00A3C6ED /* EmailPrepViewController.swift in Sources */ = {isa = PBXBuildFile; fileRef = 69420BB11C1289DE00A3C6ED /* EmailPrepViewController.swift */; };
		69420BB41C12A90F00A3C6ED /* LoginViewController.swift in Sources */ = {isa = PBXBuildFile; fileRef = 69420BB31C12A90F00A3C6ED /* LoginViewController.swift */; };
		69420BB61C12A9B200A3C6ED /* login.swift in Sources */ = {isa = PBXBuildFile; fileRef = 69420BB51C12A9B200A3C6ED /* login.swift */; };
		E00E05DF1C015B6A00BE26E4 /* DetailViewController.swift in Sources */ = {isa = PBXBuildFile; fileRef = E00E05DE1C015B6A00BE26E4 /* DetailViewController.swift */; };
		E00E05E11C015DC300BE26E4 /* ScanClass.swift in Sources */ = {isa = PBXBuildFile; fileRef = E00E05E01C015DC300BE26E4 /* ScanClass.swift */; };
		E00E05E31C016B2E00BE26E4 /* ScanTableViewCell.swift in Sources */ = {isa = PBXBuildFile; fileRef = E00E05E21C016B2E00BE26E4 /* ScanTableViewCell.swift */; };
		E00E05E51C017B9100BE26E4 /* EditProfileViewController.swift in Sources */ = {isa = PBXBuildFile; fileRef = E00E05E41C017B9100BE26E4 /* EditProfileViewController.swift */; };
		E00E05E71C017CBD00BE26E4 /* oie_DD0EbvM1cJJq.png in Resources */ = {isa = PBXBuildFile; fileRef = E00E05E61C017CBD00BE26E4 /* oie_DD0EbvM1cJJq.png */; };
		E05C038B1BEC1F2E00850EED /* AppDelegate.swift in Sources */ = {isa = PBXBuildFile; fileRef = E05C038A1BEC1F2E00850EED /* AppDelegate.swift */; };
		E05C038D1BEC1F2E00850EED /* FirstViewController.swift in Sources */ = {isa = PBXBuildFile; fileRef = E05C038C1BEC1F2E00850EED /* FirstViewController.swift */; };
		E05C03941BEC1F2E00850EED /* Images.xcassets in Resources */ = {isa = PBXBuildFile; fileRef = E05C03931BEC1F2E00850EED /* Images.xcassets */; };
		E05C03971BEC1F2E00850EED /* LaunchScreen.xib in Resources */ = {isa = PBXBuildFile; fileRef = E05C03951BEC1F2E00850EED /* LaunchScreen.xib */; };
		E05C03A31BEC1F2E00850EED /* EyeAgnosticTests.swift in Sources */ = {isa = PBXBuildFile; fileRef = E05C03A21BEC1F2E00850EED /* EyeAgnosticTests.swift */; };
		E05C03AD1BEC25EC00850EED /* NewImageViewController.swift in Sources */ = {isa = PBXBuildFile; fileRef = E05C03AC1BEC25EC00850EED /* NewImageViewController.swift */; };
		E05C03AF1BEC286700850EED /* ImagesViewController.swift in Sources */ = {isa = PBXBuildFile; fileRef = E05C03AE1BEC286700850EED /* ImagesViewController.swift */; };
		E06B2DC01C027A9B00671EB5 /* noPhoto.png in Resources */ = {isa = PBXBuildFile; fileRef = E06B2DBF1C027A9B00671EB5 /* noPhoto.png */; };
		E06B2DC21C027C1000671EB5 /* ScanViewController.swift in Sources */ = {isa = PBXBuildFile; fileRef = E06B2DC11C027C1000671EB5 /* ScanViewController.swift */; };
		E0858FEB1BF022E500F66E79 /* TableViewController.swift in Sources */ = {isa = PBXBuildFile; fileRef = E0858FEA1BF022E500F66E79 /* TableViewController.swift */; };
		E0858FF41BF0331500F66E79 /* Main.storyboard in Resources */ = {isa = PBXBuildFile; fileRef = E0858FF21BF0331500F66E79 /* Main.storyboard */; };
		E0858FF61BF03C7400F66E79 /* NewCaseViewController.swift in Sources */ = {isa = PBXBuildFile; fileRef = E0858FF51BF03C7400F66E79 /* NewCaseViewController.swift */; };
		E08FF26A1C02B3D700FF8C45 /* EmailViewController.swift in Sources */ = {isa = PBXBuildFile; fileRef = E08FF2691C02B3D700FF8C45 /* EmailViewController.swift */; };
		E0A310391BF129B600FDDE6F /* AdditionalsTableViewController.swift in Sources */ = {isa = PBXBuildFile; fileRef = E0A310381BF129B600FDDE6F /* AdditionalsTableViewController.swift */; };
		E0A3103B1BF12C9A00FDDE6F /* ImageTableViewCell.swift in Sources */ = {isa = PBXBuildFile; fileRef = E0A3103A1BF12C9A00FDDE6F /* ImageTableViewCell.swift */; };
		E0A3103D1BF1313D00FDDE6F /* Avery-Fitzgerald.jpg in Resources */ = {isa = PBXBuildFile; fileRef = E0A3103C1BF1313D00FDDE6F /* Avery-Fitzgerald.jpg */; };
		E0A3103F1BF1359200FDDE6F /* retino1.jpg in Resources */ = {isa = PBXBuildFile; fileRef = E0A3103E1BF1359200FDDE6F /* retino1.jpg */; };
		E0A5E8041BFFF8FF00AD7CE7 /* ResultsViewController.swift in Sources */ = {isa = PBXBuildFile; fileRef = E0A5E8031BFFF8FF00AD7CE7 /* ResultsViewController.swift */; };
		E0A5E8061BFFFE5C00AD7CE7 /* [Color] Eye Icon.png in Resources */ = {isa = PBXBuildFile; fileRef = E0A5E8051BFFFE5C00AD7CE7 /* [Color] Eye Icon.png */; };
		E0A5E8081C0000DB00AD7CE7 /* NewAddViewController.swift in Sources */ = {isa = PBXBuildFile; fileRef = E0A5E8071C0000DB00AD7CE7 /* NewAddViewController.swift */; };
		E0A5E80E1C000DDF00AD7CE7 /* Profile.swift in Sources */ = {isa = PBXBuildFile; fileRef = E0A5E80D1C000DDF00AD7CE7 /* Profile.swift */; };
		E0A5E8101C0013C900AD7CE7 /* ProfileTableViewController.swift in Sources */ = {isa = PBXBuildFile; fileRef = E0A5E80F1C0013C900AD7CE7 /* ProfileTableViewController.swift */; };
		E0A5E8121C0014A800AD7CE7 /* ProfCellTableViewCell.swift in Sources */ = {isa = PBXBuildFile; fileRef = E0A5E8111C0014A800AD7CE7 /* ProfCellTableViewCell.swift */; };
/* End PBXBuildFile section */

/* Begin PBXContainerItemProxy section */
		69420BA11C1269CD00A3C6ED /* PBXContainerItemProxy */ = {
			isa = PBXContainerItemProxy;
			containerPortal = 69420B9B1C1269CD00A3C6ED /* ResearchKit.xcodeproj */;
			proxyType = 2;
			remoteGlobalIDString = B183A5951A8535D100C76870;
			remoteInfo = ResearchKit;
		};
		69420BA31C1269CD00A3C6ED /* PBXContainerItemProxy */ = {
			isa = PBXContainerItemProxy;
			containerPortal = 69420B9B1C1269CD00A3C6ED /* ResearchKit.xcodeproj */;
			proxyType = 2;
			remoteGlobalIDString = 86CC8E9A1AC09332001CCD89;
			remoteInfo = ResearchKitTests;
		};
		69420BA71C1269DC00A3C6ED /* PBXContainerItemProxy */ = {
			isa = PBXContainerItemProxy;
			containerPortal = 69420B9B1C1269CD00A3C6ED /* ResearchKit.xcodeproj */;
			proxyType = 1;
			remoteGlobalIDString = B183A4731A8535D100C76870;
			remoteInfo = ResearchKit;
		};
		E05C039D1BEC1F2E00850EED /* PBXContainerItemProxy */ = {
			isa = PBXContainerItemProxy;
			containerPortal = E05C037D1BEC1F2D00850EED /* Project object */;
			proxyType = 1;
			remoteGlobalIDString = E05C03841BEC1F2E00850EED;
			remoteInfo = EyeAgnostic;
		};
/* End PBXContainerItemProxy section */

/* Begin PBXCopyFilesBuildPhase section */
		69420BA91C1269DC00A3C6ED /* Embed Frameworks */ = {
			isa = PBXCopyFilesBuildPhase;
			buildActionMask = 2147483647;
			dstPath = "";
			dstSubfolderSpec = 10;
			files = (
				69420BA61C1269DC00A3C6ED /* ResearchKit.framework in Embed Frameworks */,
			);
			name = "Embed Frameworks";
			runOnlyForDeploymentPostprocessing = 0;
		};
/* End PBXCopyFilesBuildPhase section */

/* Begin PBXFileReference section */
		69420B971C12690A00A3C6ED /* ConsentDocument.swift */ = {isa = PBXFileReference; fileEncoding = 4; lastKnownFileType = sourcecode.swift; path = ConsentDocument.swift; sourceTree = "<group>"; };
		69420B9B1C1269CD00A3C6ED /* ResearchKit.xcodeproj */ = {isa = PBXFileReference; lastKnownFileType = "wrapper.pb-project"; name = ResearchKit.xcodeproj; path = "ResearchKit-master/ResearchKit.xcodeproj"; sourceTree = "<group>"; };
		69420BAA1C126A2D00A3C6ED /* ConsentTask.swift */ = {isa = PBXFileReference; fileEncoding = 4; lastKnownFileType = sourcecode.swift; path = ConsentTask.swift; sourceTree = "<group>"; };
		69420BAC1C126A5600A3C6ED /* SurveyTask.swift */ = {isa = PBXFileReference; fileEncoding = 4; lastKnownFileType = sourcecode.swift; path = SurveyTask.swift; sourceTree = "<group>"; };
		69420BAE1C126AB300A3C6ED /* RKViewController.swift */ = {isa = PBXFileReference; fileEncoding = 4; lastKnownFileType = sourcecode.swift; path = RKViewController.swift; sourceTree = "<group>"; };
		69420BB11C1289DE00A3C6ED /* EmailPrepViewController.swift */ = {isa = PBXFileReference; fileEncoding = 4; lastKnownFileType = sourcecode.swift; path = EmailPrepViewController.swift; sourceTree = "<group>"; };
		69420BB31C12A90F00A3C6ED /* LoginViewController.swift */ = {isa = PBXFileReference; fileEncoding = 4; lastKnownFileType = sourcecode.swift; path = LoginViewController.swift; sourceTree = "<group>"; };
		69420BB51C12A9B200A3C6ED /* login.swift */ = {isa = PBXFileReference; fileEncoding = 4; lastKnownFileType = sourcecode.swift; path = login.swift; sourceTree = "<group>"; };
		E00E05DE1C015B6A00BE26E4 /* DetailViewController.swift */ = {isa = PBXFileReference; fileEncoding = 4; lastKnownFileType = sourcecode.swift; path = DetailViewController.swift; sourceTree = "<group>"; };
		E00E05E01C015DC300BE26E4 /* ScanClass.swift */ = {isa = PBXFileReference; fileEncoding = 4; lastKnownFileType = sourcecode.swift; path = ScanClass.swift; sourceTree = "<group>"; };
		E00E05E21C016B2E00BE26E4 /* ScanTableViewCell.swift */ = {isa = PBXFileReference; fileEncoding = 4; lastKnownFileType = sourcecode.swift; path = ScanTableViewCell.swift; sourceTree = "<group>"; };
		E00E05E41C017B9100BE26E4 /* EditProfileViewController.swift */ = {isa = PBXFileReference; fileEncoding = 4; lastKnownFileType = sourcecode.swift; path = EditProfileViewController.swift; sourceTree = "<group>"; };
		E00E05E61C017CBD00BE26E4 /* oie_DD0EbvM1cJJq.png */ = {isa = PBXFileReference; lastKnownFileType = image.png; path = oie_DD0EbvM1cJJq.png; sourceTree = SOURCE_ROOT; };
		E05C03851BEC1F2E00850EED /* EyeAgnostic.app */ = {isa = PBXFileReference; explicitFileType = wrapper.application; includeInIndex = 0; path = EyeAgnostic.app; sourceTree = BUILT_PRODUCTS_DIR; };
		E05C03891BEC1F2E00850EED /* Info.plist */ = {isa = PBXFileReference; lastKnownFileType = text.plist.xml; path = Info.plist; sourceTree = "<group>"; };
		E05C038A1BEC1F2E00850EED /* AppDelegate.swift */ = {isa = PBXFileReference; lastKnownFileType = sourcecode.swift; path = AppDelegate.swift; sourceTree = "<group>"; };
		E05C038C1BEC1F2E00850EED /* FirstViewController.swift */ = {isa = PBXFileReference; lastKnownFileType = sourcecode.swift; path = FirstViewController.swift; sourceTree = "<group>"; };
		E05C03931BEC1F2E00850EED /* Images.xcassets */ = {isa = PBXFileReference; lastKnownFileType = folder.assetcatalog; path = Images.xcassets; sourceTree = "<group>"; };
		E05C03961BEC1F2E00850EED /* Base */ = {isa = PBXFileReference; lastKnownFileType = file.xib; name = Base; path = Base.lproj/LaunchScreen.xib; sourceTree = "<group>"; };
		E05C039C1BEC1F2E00850EED /* EyeAgnosticTests.xctest */ = {isa = PBXFileReference; explicitFileType = wrapper.cfbundle; includeInIndex = 0; path = EyeAgnosticTests.xctest; sourceTree = BUILT_PRODUCTS_DIR; };
		E05C03A11BEC1F2E00850EED /* Info.plist */ = {isa = PBXFileReference; lastKnownFileType = text.plist.xml; path = Info.plist; sourceTree = "<group>"; };
		E05C03A21BEC1F2E00850EED /* EyeAgnosticTests.swift */ = {isa = PBXFileReference; lastKnownFileType = sourcecode.swift; path = EyeAgnosticTests.swift; sourceTree = "<group>"; };
		E05C03AC1BEC25EC00850EED /* NewImageViewController.swift */ = {isa = PBXFileReference; fileEncoding = 4; lastKnownFileType = sourcecode.swift; path = NewImageViewController.swift; sourceTree = "<group>"; };
		E05C03AE1BEC286700850EED /* ImagesViewController.swift */ = {isa = PBXFileReference; fileEncoding = 4; lastKnownFileType = sourcecode.swift; path = ImagesViewController.swift; sourceTree = "<group>"; };
		E06B2DBF1C027A9B00671EB5 /* noPhoto.png */ = {isa = PBXFileReference; lastKnownFileType = image.png; path = noPhoto.png; sourceTree = SOURCE_ROOT; };
		E06B2DC11C027C1000671EB5 /* ScanViewController.swift */ = {isa = PBXFileReference; fileEncoding = 4; lastKnownFileType = sourcecode.swift; path = ScanViewController.swift; sourceTree = "<group>"; };
		E0858FEA1BF022E500F66E79 /* TableViewController.swift */ = {isa = PBXFileReference; fileEncoding = 4; lastKnownFileType = sourcecode.swift; path = TableViewController.swift; sourceTree = "<group>"; };
		E0858FF31BF0331500F66E79 /* Base */ = {isa = PBXFileReference; lastKnownFileType = file.storyboard; name = Base; path = Base.lproj/Main.storyboard; sourceTree = "<group>"; };
		E0858FF51BF03C7400F66E79 /* NewCaseViewController.swift */ = {isa = PBXFileReference; fileEncoding = 4; lastKnownFileType = sourcecode.swift; path = NewCaseViewController.swift; sourceTree = "<group>"; };
		E08FF2691C02B3D700FF8C45 /* EmailViewController.swift */ = {isa = PBXFileReference; fileEncoding = 4; lastKnownFileType = sourcecode.swift; name = EmailViewController.swift; path = ../EmailViewController.swift; sourceTree = "<group>"; };
		E0A310381BF129B600FDDE6F /* AdditionalsTableViewController.swift */ = {isa = PBXFileReference; fileEncoding = 4; lastKnownFileType = sourcecode.swift; path = AdditionalsTableViewController.swift; sourceTree = "<group>"; };
		E0A3103A1BF12C9A00FDDE6F /* ImageTableViewCell.swift */ = {isa = PBXFileReference; fileEncoding = 4; lastKnownFileType = sourcecode.swift; path = ImageTableViewCell.swift; sourceTree = "<group>"; };
		E0A3103C1BF1313D00FDDE6F /* Avery-Fitzgerald.jpg */ = {isa = PBXFileReference; lastKnownFileType = image.jpeg; path = "Avery-Fitzgerald.jpg"; sourceTree = SOURCE_ROOT; };
		E0A3103E1BF1359200FDDE6F /* retino1.jpg */ = {isa = PBXFileReference; lastKnownFileType = image.jpeg; path = retino1.jpg; sourceTree = SOURCE_ROOT; };
		E0A5E8031BFFF8FF00AD7CE7 /* ResultsViewController.swift */ = {isa = PBXFileReference; fileEncoding = 4; lastKnownFileType = sourcecode.swift; name = ResultsViewController.swift; path = ../ResultsViewController.swift; sourceTree = "<group>"; };
		E0A5E8051BFFFE5C00AD7CE7 /* [Color] Eye Icon.png */ = {isa = PBXFileReference; lastKnownFileType = image.png; path = "[Color] Eye Icon.png"; sourceTree = SOURCE_ROOT; };
		E0A5E8071C0000DB00AD7CE7 /* NewAddViewController.swift */ = {isa = PBXFileReference; fileEncoding = 4; lastKnownFileType = sourcecode.swift; path = NewAddViewController.swift; sourceTree = "<group>"; };
		E0A5E80D1C000DDF00AD7CE7 /* Profile.swift */ = {isa = PBXFileReference; fileEncoding = 4; lastKnownFileType = sourcecode.swift; path = Profile.swift; sourceTree = "<group>"; };
		E0A5E80F1C0013C900AD7CE7 /* ProfileTableViewController.swift */ = {isa = PBXFileReference; fileEncoding = 4; lastKnownFileType = sourcecode.swift; path = ProfileTableViewController.swift; sourceTree = "<group>"; };
		E0A5E8111C0014A800AD7CE7 /* ProfCellTableViewCell.swift */ = {isa = PBXFileReference; fileEncoding = 4; lastKnownFileType = sourcecode.swift; path = ProfCellTableViewCell.swift; sourceTree = "<group>"; };
/* End PBXFileReference section */

/* Begin PBXFrameworksBuildPhase section */
		E05C03821BEC1F2E00850EED /* Frameworks */ = {
			isa = PBXFrameworksBuildPhase;
			buildActionMask = 2147483647;
			files = (
				69420BA51C1269DC00A3C6ED /* ResearchKit.framework in Frameworks */,
			);
			runOnlyForDeploymentPostprocessing = 0;
		};
		E05C03991BEC1F2E00850EED /* Frameworks */ = {
			isa = PBXFrameworksBuildPhase;
			buildActionMask = 2147483647;
			files = (
			);
			runOnlyForDeploymentPostprocessing = 0;
		};
/* End PBXFrameworksBuildPhase section */

/* Begin PBXGroup section */
		69420B9C1C1269CD00A3C6ED /* Products */ = {
			isa = PBXGroup;
			children = (
				69420BA21C1269CD00A3C6ED /* ResearchKit.framework */,
				69420BA41C1269CD00A3C6ED /* ResearchKitTests.xctest */,
			);
			name = Products;
			sourceTree = "<group>";
		};
		E05C037C1BEC1F2D00850EED = {
			isa = PBXGroup;
			children = (
				69420B9B1C1269CD00A3C6ED /* ResearchKit.xcodeproj */,
				E05C03871BEC1F2E00850EED /* EyeAgnostic */,
				E05C039F1BEC1F2E00850EED /* EyeAgnosticTests */,
				E05C03861BEC1F2E00850EED /* Products */,
			);
			sourceTree = "<group>";
		};
		E05C03861BEC1F2E00850EED /* Products */ = {
			isa = PBXGroup;
			children = (
				E05C03851BEC1F2E00850EED /* EyeAgnostic.app */,
				E05C039C1BEC1F2E00850EED /* EyeAgnosticTests.xctest */,
			);
			name = Products;
			sourceTree = "<group>";
		};
		E05C03871BEC1F2E00850EED /* EyeAgnostic */ = {
			isa = PBXGroup;
			children = (
				E05C038A1BEC1F2E00850EED /* AppDelegate.swift */,
				E05C038C1BEC1F2E00850EED /* FirstViewController.swift */,
				E0A5E8031BFFF8FF00AD7CE7 /* ResultsViewController.swift */,
				E0858FF21BF0331500F66E79 /* Main.storyboard */,
				69420BB31C12A90F00A3C6ED /* LoginViewController.swift */,
				69420B971C12690A00A3C6ED /* ConsentDocument.swift */,
				69420BAE1C126AB300A3C6ED /* RKViewController.swift */,
				69420BAA1C126A2D00A3C6ED /* ConsentTask.swift */,
				69420BAC1C126A5600A3C6ED /* SurveyTask.swift */,
				E08FF2691C02B3D700FF8C45 /* EmailViewController.swift */,
				69420BB11C1289DE00A3C6ED /* EmailPrepViewController.swift */,
				E0A5E80F1C0013C900AD7CE7 /* ProfileTableViewController.swift */,
				69420BB51C12A9B200A3C6ED /* login.swift */,
				E0A5E8111C0014A800AD7CE7 /* ProfCellTableViewCell.swift */,
				E00E05DE1C015B6A00BE26E4 /* DetailViewController.swift */,
				E00E05E41C017B9100BE26E4 /* EditProfileViewController.swift */,
				E00E05E21C016B2E00BE26E4 /* ScanTableViewCell.swift */,
				E06B2DC11C027C1000671EB5 /* ScanViewController.swift */,
				E0A5E80D1C000DDF00AD7CE7 /* Profile.swift */,
				E00E05E01C015DC300BE26E4 /* ScanClass.swift */,
				E0A5E8071C0000DB00AD7CE7 /* NewAddViewController.swift */,
				E0A3103A1BF12C9A00FDDE6F /* ImageTableViewCell.swift */,
				E0A310381BF129B600FDDE6F /* AdditionalsTableViewController.swift */,
				E0858FF51BF03C7400F66E79 /* NewCaseViewController.swift */,
				E05C03AE1BEC286700850EED /* ImagesViewController.swift */,
				E05C03AC1BEC25EC00850EED /* NewImageViewController.swift */,
				E0858FEA1BF022E500F66E79 /* TableViewController.swift */,
				E05C03931BEC1F2E00850EED /* Images.xcassets */,
				E05C03951BEC1F2E00850EED /* LaunchScreen.xib */,
				E05C03881BEC1F2E00850EED /* Supporting Files */,
			);
			path = EyeAgnostic;
			sourceTree = "<group>";
		};
		E05C03881BEC1F2E00850EED /* Supporting Files */ = {
			isa = PBXGroup;
			children = (
				E05C03891BEC1F2E00850EED /* Info.plist */,
				E06B2DBF1C027A9B00671EB5 /* noPhoto.png */,
				E0A5E8051BFFFE5C00AD7CE7 /* [Color] Eye Icon.png */,
				E00E05E61C017CBD00BE26E4 /* oie_DD0EbvM1cJJq.png */,
				E0A3103E1BF1359200FDDE6F /* retino1.jpg */,
				E0A3103C1BF1313D00FDDE6F /* Avery-Fitzgerald.jpg */,
			);
			name = "Supporting Files";
			sourceTree = "<group>";
		};
		E05C039F1BEC1F2E00850EED /* EyeAgnosticTests */ = {
			isa = PBXGroup;
			children = (
				E05C03A21BEC1F2E00850EED /* EyeAgnosticTests.swift */,
				E05C03A01BEC1F2E00850EED /* Supporting Files */,
			);
			path = EyeAgnosticTests;
			sourceTree = "<group>";
		};
		E05C03A01BEC1F2E00850EED /* Supporting Files */ = {
			isa = PBXGroup;
			children = (
				E05C03A11BEC1F2E00850EED /* Info.plist */,
			);
			name = "Supporting Files";
			sourceTree = "<group>";
		};
/* End PBXGroup section */

/* Begin PBXNativeTarget section */
		E05C03841BEC1F2E00850EED /* EyeAgnostic */ = {
			isa = PBXNativeTarget;
			buildConfigurationList = E05C03A61BEC1F2E00850EED /* Build configuration list for PBXNativeTarget "EyeAgnostic" */;
			buildPhases = (
				E05C03811BEC1F2E00850EED /* Sources */,
				E05C03821BEC1F2E00850EED /* Frameworks */,
				E05C03831BEC1F2E00850EED /* Resources */,
				69420BA91C1269DC00A3C6ED /* Embed Frameworks */,
			);
			buildRules = (
			);
			dependencies = (
				69420BA81C1269DC00A3C6ED /* PBXTargetDependency */,
			);
			name = EyeAgnostic;
			productName = EyeAgnostic;
			productReference = E05C03851BEC1F2E00850EED /* EyeAgnostic.app */;
			productType = "com.apple.product-type.application";
		};
		E05C039B1BEC1F2E00850EED /* EyeAgnosticTests */ = {
			isa = PBXNativeTarget;
			buildConfigurationList = E05C03A91BEC1F2E00850EED /* Build configuration list for PBXNativeTarget "EyeAgnosticTests" */;
			buildPhases = (
				E05C03981BEC1F2E00850EED /* Sources */,
				E05C03991BEC1F2E00850EED /* Frameworks */,
				E05C039A1BEC1F2E00850EED /* Resources */,
			);
			buildRules = (
			);
			dependencies = (
				E05C039E1BEC1F2E00850EED /* PBXTargetDependency */,
			);
			name = EyeAgnosticTests;
			productName = EyeAgnosticTests;
			productReference = E05C039C1BEC1F2E00850EED /* EyeAgnosticTests.xctest */;
			productType = "com.apple.product-type.bundle.unit-test";
		};
/* End PBXNativeTarget section */

/* Begin PBXProject section */
		E05C037D1BEC1F2D00850EED /* Project object */ = {
			isa = PBXProject;
			attributes = {
				LastSwiftMigration = 0710;
				LastSwiftUpdateCheck = 0710;
				LastUpgradeCheck = 0710;
				ORGANIZATIONNAME = "Skeye Technologies";
				TargetAttributes = {
					E05C03841BEC1F2E00850EED = {
						CreatedOnToolsVersion = 6.3;
					};
					E05C039B1BEC1F2E00850EED = {
						CreatedOnToolsVersion = 6.3;
						TestTargetID = E05C03841BEC1F2E00850EED;
					};
				};
			};
			buildConfigurationList = E05C03801BEC1F2D00850EED /* Build configuration list for PBXProject "EyeAgnostic" */;
			compatibilityVersion = "Xcode 3.2";
			developmentRegion = English;
			hasScannedForEncodings = 0;
			knownRegions = (
				en,
				Base,
			);
			mainGroup = E05C037C1BEC1F2D00850EED;
			productRefGroup = E05C03861BEC1F2E00850EED /* Products */;
			projectDirPath = "";
			projectReferences = (
				{
					ProductGroup = 69420B9C1C1269CD00A3C6ED /* Products */;
					ProjectRef = 69420B9B1C1269CD00A3C6ED /* ResearchKit.xcodeproj */;
				},
			);
			projectRoot = "";
			targets = (
				E05C03841BEC1F2E00850EED /* EyeAgnostic */,
				E05C039B1BEC1F2E00850EED /* EyeAgnosticTests */,
			);
		};
/* End PBXProject section */

/* Begin PBXReferenceProxy section */
		69420BA21C1269CD00A3C6ED /* ResearchKit.framework */ = {
			isa = PBXReferenceProxy;
			fileType = wrapper.framework;
			path = ResearchKit.framework;
			remoteRef = 69420BA11C1269CD00A3C6ED /* PBXContainerItemProxy */;
			sourceTree = BUILT_PRODUCTS_DIR;
		};
		69420BA41C1269CD00A3C6ED /* ResearchKitTests.xctest */ = {
			isa = PBXReferenceProxy;
			fileType = wrapper.cfbundle;
			path = ResearchKitTests.xctest;
			remoteRef = 69420BA31C1269CD00A3C6ED /* PBXContainerItemProxy */;
			sourceTree = BUILT_PRODUCTS_DIR;
		};
/* End PBXReferenceProxy section */

/* Begin PBXResourcesBuildPhase section */
		E05C03831BEC1F2E00850EED /* Resources */ = {
			isa = PBXResourcesBuildPhase;
			buildActionMask = 2147483647;
			files = (
				E05C03971BEC1F2E00850EED /* LaunchScreen.xib in Resources */,
				E05C03941BEC1F2E00850EED /* Images.xcassets in Resources */,
				E0A5E8061BFFFE5C00AD7CE7 /* [Color] Eye Icon.png in Resources */,
				E00E05E71C017CBD00BE26E4 /* oie_DD0EbvM1cJJq.png in Resources */,
				E0858FF41BF0331500F66E79 /* Main.storyboard in Resources */,
				E06B2DC01C027A9B00671EB5 /* noPhoto.png in Resources */,
				E0A3103D1BF1313D00FDDE6F /* Avery-Fitzgerald.jpg in Resources */,
				E0A3103F1BF1359200FDDE6F /* retino1.jpg in Resources */,
			);
			runOnlyForDeploymentPostprocessing = 0;
		};
		E05C039A1BEC1F2E00850EED /* Resources */ = {
			isa = PBXResourcesBuildPhase;
			buildActionMask = 2147483647;
			files = (
			);
			runOnlyForDeploymentPostprocessing = 0;
		};
/* End PBXResourcesBuildPhase section */

/* Begin PBXSourcesBuildPhase section */
		E05C03811BEC1F2E00850EED /* Sources */ = {
			isa = PBXSourcesBuildPhase;
			buildActionMask = 2147483647;
			files = (
				E00E05E11C015DC300BE26E4 /* ScanClass.swift in Sources */,
				E0A5E8121C0014A800AD7CE7 /* ProfCellTableViewCell.swift in Sources */,
				69420BAF1C126AB300A3C6ED /* RKViewController.swift in Sources */,
				69420BB61C12A9B200A3C6ED /* login.swift in Sources */,
				E0A5E8041BFFF8FF00AD7CE7 /* ResultsViewController.swift in Sources */,
				69420BAB1C126A2D00A3C6ED /* ConsentTask.swift in Sources */,
				E0A310391BF129B600FDDE6F /* AdditionalsTableViewController.swift in Sources */,
				E05C03AF1BEC286700850EED /* ImagesViewController.swift in Sources */,
				E0A5E80E1C000DDF00AD7CE7 /* Profile.swift in Sources */,
				E0A5E8101C0013C900AD7CE7 /* ProfileTableViewController.swift in Sources */,
				E00E05DF1C015B6A00BE26E4 /* DetailViewController.swift in Sources */,
				E0858FF61BF03C7400F66E79 /* NewCaseViewController.swift in Sources */,
				69420B981C12690A00A3C6ED /* ConsentDocument.swift in Sources */,
				E0858FEB1BF022E500F66E79 /* TableViewController.swift in Sources */,
				69420BB41C12A90F00A3C6ED /* LoginViewController.swift in Sources */,
				69420BAD1C126A5600A3C6ED /* SurveyTask.swift in Sources */,
				E00E05E51C017B9100BE26E4 /* EditProfileViewController.swift in Sources */,
				E00E05E31C016B2E00BE26E4 /* ScanTableViewCell.swift in Sources */,
				E0A5E8081C0000DB00AD7CE7 /* NewAddViewController.swift in Sources */,
				E08FF26A1C02B3D700FF8C45 /* EmailViewController.swift in Sources */,
				E05C038B1BEC1F2E00850EED /* AppDelegate.swift in Sources */,
				E0A3103B1BF12C9A00FDDE6F /* ImageTableViewCell.swift in Sources */,
				E05C038D1BEC1F2E00850EED /* FirstViewController.swift in Sources */,
				E05C03AD1BEC25EC00850EED /* NewImageViewController.swift in Sources */,
				69420BB21C1289DE00A3C6ED /* EmailPrepViewController.swift in Sources */,
				E06B2DC21C027C1000671EB5 /* ScanViewController.swift in Sources */,
			);
			runOnlyForDeploymentPostprocessing = 0;
		};
		E05C03981BEC1F2E00850EED /* Sources */ = {
			isa = PBXSourcesBuildPhase;
			buildActionMask = 2147483647;
			files = (
				E05C03A31BEC1F2E00850EED /* EyeAgnosticTests.swift in Sources */,
			);
			runOnlyForDeploymentPostprocessing = 0;
		};
/* End PBXSourcesBuildPhase section */

/* Begin PBXTargetDependency section */
		69420BA81C1269DC00A3C6ED /* PBXTargetDependency */ = {
			isa = PBXTargetDependency;
			name = ResearchKit;
			targetProxy = 69420BA71C1269DC00A3C6ED /* PBXContainerItemProxy */;
		};
		E05C039E1BEC1F2E00850EED /* PBXTargetDependency */ = {
			isa = PBXTargetDependency;
			target = E05C03841BEC1F2E00850EED /* EyeAgnostic */;
			targetProxy = E05C039D1BEC1F2E00850EED /* PBXContainerItemProxy */;
		};
/* End PBXTargetDependency section */

/* Begin PBXVariantGroup section */
		E05C03951BEC1F2E00850EED /* LaunchScreen.xib */ = {
			isa = PBXVariantGroup;
			children = (
				E05C03961BEC1F2E00850EED /* Base */,
			);
			name = LaunchScreen.xib;
			sourceTree = "<group>";
		};
		E0858FF21BF0331500F66E79 /* Main.storyboard */ = {
			isa = PBXVariantGroup;
			children = (
				E0858FF31BF0331500F66E79 /* Base */,
			);
			name = Main.storyboard;
			sourceTree = "<group>";
		};
/* End PBXVariantGroup section */

/* Begin XCBuildConfiguration section */
		E05C03A41BEC1F2E00850EED /* Debug */ = {
			isa = XCBuildConfiguration;
			buildSettings = {
				ALWAYS_SEARCH_USER_PATHS = NO;
				CLANG_CXX_LANGUAGE_STANDARD = "gnu++0x";
				CLANG_CXX_LIBRARY = "libc++";
				CLANG_ENABLE_MODULES = YES;
				CLANG_ENABLE_OBJC_ARC = YES;
				CLANG_WARN_BOOL_CONVERSION = YES;
				CLANG_WARN_CONSTANT_CONVERSION = YES;
				CLANG_WARN_DIRECT_OBJC_ISA_USAGE = YES_ERROR;
				CLANG_WARN_EMPTY_BODY = YES;
				CLANG_WARN_ENUM_CONVERSION = YES;
				CLANG_WARN_INT_CONVERSION = YES;
				CLANG_WARN_OBJC_ROOT_CLASS = YES_ERROR;
				CLANG_WARN_UNREACHABLE_CODE = YES;
				CLANG_WARN__DUPLICATE_METHOD_MATCH = YES;
				"CODE_SIGN_IDENTITY[sdk=iphoneos*]" = "iPhone Developer";
				COPY_PHASE_STRIP = NO;
				DEBUG_INFORMATION_FORMAT = "dwarf-with-dsym";
				ENABLE_STRICT_OBJC_MSGSEND = YES;
				ENABLE_TESTABILITY = YES;
				GCC_C_LANGUAGE_STANDARD = gnu99;
				GCC_DYNAMIC_NO_PIC = NO;
				GCC_NO_COMMON_BLOCKS = YES;
				GCC_OPTIMIZATION_LEVEL = 0;
				GCC_PREPROCESSOR_DEFINITIONS = (
					"DEBUG=1",
					"$(inherited)",
				);
				GCC_SYMBOLS_PRIVATE_EXTERN = NO;
				GCC_WARN_64_TO_32_BIT_CONVERSION = YES;
				GCC_WARN_ABOUT_RETURN_TYPE = YES_ERROR;
				GCC_WARN_UNDECLARED_SELECTOR = YES;
				GCC_WARN_UNINITIALIZED_AUTOS = YES_AGGRESSIVE;
				GCC_WARN_UNUSED_FUNCTION = YES;
				GCC_WARN_UNUSED_VARIABLE = YES;
				IPHONEOS_DEPLOYMENT_TARGET = 8.3;
				MTL_ENABLE_DEBUG_INFO = YES;
				ONLY_ACTIVE_ARCH = YES;
				SDKROOT = iphoneos;
				SWIFT_OPTIMIZATION_LEVEL = "-Onone";
				TARGETED_DEVICE_FAMILY = "1,2";
			};
			name = Debug;
		};
		E05C03A51BEC1F2E00850EED /* Release */ = {
			isa = XCBuildConfiguration;
			buildSettings = {
				ALWAYS_SEARCH_USER_PATHS = NO;
				CLANG_CXX_LANGUAGE_STANDARD = "gnu++0x";
				CLANG_CXX_LIBRARY = "libc++";
				CLANG_ENABLE_MODULES = YES;
				CLANG_ENABLE_OBJC_ARC = YES;
				CLANG_WARN_BOOL_CONVERSION = YES;
				CLANG_WARN_CONSTANT_CONVERSION = YES;
				CLANG_WARN_DIRECT_OBJC_ISA_USAGE = YES_ERROR;
				CLANG_WARN_EMPTY_BODY = YES;
				CLANG_WARN_ENUM_CONVERSION = YES;
				CLANG_WARN_INT_CONVERSION = YES;
				CLANG_WARN_OBJC_ROOT_CLASS = YES_ERROR;
				CLANG_WARN_UNREACHABLE_CODE = YES;
				CLANG_WARN__DUPLICATE_METHOD_MATCH = YES;
				"CODE_SIGN_IDENTITY[sdk=iphoneos*]" = "iPhone Developer";
				COPY_PHASE_STRIP = NO;
				DEBUG_INFORMATION_FORMAT = "dwarf-with-dsym";
				ENABLE_NS_ASSERTIONS = NO;
				ENABLE_STRICT_OBJC_MSGSEND = YES;
				GCC_C_LANGUAGE_STANDARD = gnu99;
				GCC_NO_COMMON_BLOCKS = YES;
				GCC_WARN_64_TO_32_BIT_CONVERSION = YES;
				GCC_WARN_ABOUT_RETURN_TYPE = YES_ERROR;
				GCC_WARN_UNDECLARED_SELECTOR = YES;
				GCC_WARN_UNINITIALIZED_AUTOS = YES_AGGRESSIVE;
				GCC_WARN_UNUSED_FUNCTION = YES;
				GCC_WARN_UNUSED_VARIABLE = YES;
				IPHONEOS_DEPLOYMENT_TARGET = 8.3;
				MTL_ENABLE_DEBUG_INFO = NO;
				SDKROOT = iphoneos;
				TARGETED_DEVICE_FAMILY = "1,2";
				VALIDATE_PRODUCT = YES;
			};
			name = Release;
		};
		E05C03A71BEC1F2E00850EED /* Debug */ = {
			isa = XCBuildConfiguration;
			buildSettings = {
				ASSETCATALOG_COMPILER_APPICON_NAME = AppIcon;
				EMBEDDED_CONTENT_CONTAINS_SWIFT = YES;
				INFOPLIST_FILE = EyeAgnostic/Info.plist;
				LD_RUNPATH_SEARCH_PATHS = "$(inherited) @executable_path/Frameworks";
				PRODUCT_BUNDLE_IDENTIFIER = "SkeyeTech.$(PRODUCT_NAME:rfc1034identifier)";
				PRODUCT_NAME = "$(TARGET_NAME)";
			};
			name = Debug;
		};
		E05C03A81BEC1F2E00850EED /* Release */ = {
			isa = XCBuildConfiguration;
			buildSettings = {
				ASSETCATALOG_COMPILER_APPICON_NAME = AppIcon;
				EMBEDDED_CONTENT_CONTAINS_SWIFT = YES;
				INFOPLIST_FILE = EyeAgnostic/Info.plist;
				LD_RUNPATH_SEARCH_PATHS = "$(inherited) @executable_path/Frameworks";
				PRODUCT_BUNDLE_IDENTIFIER = "SkeyeTech.$(PRODUCT_NAME:rfc1034identifier)";
				PRODUCT_NAME = "$(TARGET_NAME)";
			};
			name = Release;
		};
		E05C03AA1BEC1F2E00850EED /* Debug */ = {
			isa = XCBuildConfiguration;
			buildSettings = {
				BUNDLE_LOADER = "$(TEST_HOST)";
				FRAMEWORK_SEARCH_PATHS = (
					"$(SDKROOT)/Developer/Library/Frameworks",
					"$(inherited)",
				);
				GCC_PREPROCESSOR_DEFINITIONS = (
					"DEBUG=1",
					"$(inherited)",
				);
				INFOPLIST_FILE = EyeAgnosticTests/Info.plist;
				LD_RUNPATH_SEARCH_PATHS = "$(inherited) @executable_path/Frameworks @loader_path/Frameworks";
				PRODUCT_BUNDLE_IDENTIFIER = "SkeyeTech.$(PRODUCT_NAME:rfc1034identifier)";
				PRODUCT_NAME = "$(TARGET_NAME)";
				TEST_HOST = "$(BUILT_PRODUCTS_DIR)/EyeAgnostic.app/EyeAgnostic";
			};
			name = Debug;
		};
		E05C03AB1BEC1F2E00850EED /* Release */ = {
			isa = XCBuildConfiguration;
			buildSettings = {
				BUNDLE_LOADER = "$(TEST_HOST)";
				FRAMEWORK_SEARCH_PATHS = (
					"$(SDKROOT)/Developer/Library/Frameworks",
					"$(inherited)",
				);
				INFOPLIST_FILE = EyeAgnosticTests/Info.plist;
				LD_RUNPATH_SEARCH_PATHS = "$(inherited) @executable_path/Frameworks @loader_path/Frameworks";
				PRODUCT_BUNDLE_IDENTIFIER = "SkeyeTech.$(PRODUCT_NAME:rfc1034identifier)";
				PRODUCT_NAME = "$(TARGET_NAME)";
				TEST_HOST = "$(BUILT_PRODUCTS_DIR)/EyeAgnostic.app/EyeAgnostic";
			};
			name = Release;
		};
/* End XCBuildConfiguration section */

/* Begin XCConfigurationList section */
		E05C03801BEC1F2D00850EED /* Build configuration list for PBXProject "EyeAgnostic" */ = {
			isa = XCConfigurationList;
			buildConfigurations = (
				E05C03A41BEC1F2E00850EED /* Debug */,
				E05C03A51BEC1F2E00850EED /* Release */,
			);
			defaultConfigurationIsVisible = 0;
			defaultConfigurationName = Release;
		};
		E05C03A61BEC1F2E00850EED /* Build configuration list for PBXNativeTarget "EyeAgnostic" */ = {
			isa = XCConfigurationList;
			buildConfigurations = (
				E05C03A71BEC1F2E00850EED /* Debug */,
				E05C03A81BEC1F2E00850EED /* Release */,
			);
			defaultConfigurationIsVisible = 0;
			defaultConfigurationName = Release;
		};
		E05C03A91BEC1F2E00850EED /* Build configuration list for PBXNativeTarget "EyeAgnosticTests" */ = {
			isa = XCConfigurationList;
			buildConfigurations = (
				E05C03AA1BEC1F2E00850EED /* Debug */,
				E05C03AB1BEC1F2E00850EED /* Release */,
			);
			defaultConfigurationIsVisible = 0;
			defaultConfigurationName = Release;
		};
/* End XCConfigurationList section */
	};
	rootObject = E05C037D1BEC1F2D00850EED /* Project object */;
}
